
Microsoft Visual Studio Solution File, Format Version 11.00
# Visual Studio 2010
Project("{FAE04EC0-301F-11D3-BF4B-00C04F79EFBC}") = "TapTitanXNA_ACBayudan", "TapTitanXNA_ACBayudan\TapTitanXNA_ACBayudan\TapTitanXNA_ACBayudan.csproj", "{B716D56B-8E4F-485D-B242-659BA5BCEA0A}"
EndProject
Project("{96E2B04D-8817-42C6-938A-82C39BA4D311}") = "TapTitanXNA_ACBayudanContent", "TapTitanXNA_ACBayudan\TapTitanXNA_ACBayudanContent\TapTitanXNA_ACBayudanContent.contentproj", "{9D5D3967-F8B6-4A23-A3CA-F35D71127610}"
EndProject
Global
	GlobalSection(SolutionConfigurationPlatforms) = preSolution
		Debug|x86 = Debug|x86
		Release|x86 = Release|x86
	EndGlobalSection
	GlobalSection(ProjectConfigurationPlatforms) = postSolution
		{B716D56B-8E4F-485D-B242-659BA5BCEA0A}.Debug|x86.ActiveCfg = Debug|x86
		{B716D56B-8E4F-485D-B242-659BA5BCEA0A}.Debug|x86.Build.0 = Debug|x86
		{B716D56B-8E4F-485D-B242-659BA5BCEA0A}.Release|x86.ActiveCfg = Release|x86
		{B716D56B-8E4F-485D-B242-659BA5BCEA0A}.Release|x86.Build.0 = Release|x86
		{9D5D3967-F8B6-4A23-A3CA-F35D71127610}.Debug|x86.ActiveCfg = Debug|x86
		{9D5D3967-F8B6-4A23-A3CA-F35D71127610}.Release|x86.ActiveCfg = Release|x86
	EndGlobalSection
	GlobalSection(SolutionProperties) = preSolution
		HideSolutionNode = FALSE
	EndGlobalSection
EndGlobal
